Microsoft Visual Studio Solution File, Format Version 12.00
# Visual Studio 2012
Project("{FAE04EC0-301F-11D3-BF4B-00C04F79EFBC}") = "comeshotacademy3d", "comeshotacademy3d.csproj", "{8E03440A-EBB3-4600-B7EB-E21655D9F2CB}"
EndProject
Global
	GlobalSection(SolutionConfigurationPlatforms) = preSolution
	Debug|Any CPU = Debug|Any CPU
	ExportDebug|Any CPU = ExportDebug|Any CPU
	ExportRelease|Any CPU = ExportRelease|Any CPU
	EndGlobalSection
	GlobalSection(ProjectConfigurationPlatforms) = postSolution
		{8E03440A-EBB3-4600-B7EB-E21655D9F2CB}.Debug|Any CPU.ActiveCfg = Debug|Any CPU
		{8E03440A-EBB3-4600-B7EB-E21655D9F2CB}.Debug|Any CPU.Build.0 = Debug|Any CPU
		{8E03440A-EBB3-4600-B7EB-E21655D9F2CB}.ExportDebug|Any CPU.ActiveCfg = ExportDebug|Any CPU
		{8E03440A-EBB3-4600-B7EB-E21655D9F2CB}.ExportDebug|Any CPU.Build.0 = ExportDebug|Any CPU
		{8E03440A-EBB3-4600-B7EB-E21655D9F2CB}.ExportRelease|Any CPU.ActiveCfg = ExportRelease|Any CPU
		{8E03440A-EBB3-4600-B7EB-E21655D9F2CB}.ExportRelease|Any CPU.Build.0 = ExportRelease|Any CPU
	EndGlobalSection
EndGlobal
